<?xml version="1.0" encoding="utf-8"?>
<Project ToolsVersion="4.0" xmlns="http://schemas.microsoft.com/developer/msbuild/2003">
  <ItemGroup>
    <Filter Include="Source Files">
      <UniqueIdentifier>{bbab11a7-b77f-4335-a217-c78c8898f1ed}</UniqueIdentifier>
      <Extensions>cpp;c;cxx;rc;def;r;odl;idl;hpj;bat;for;f90</Extensions>
    </Filter>
    <Filter Include="Header Files">
      <UniqueIdentifier>{1e2a04a7-c332-4e0e-88e7-954fe4034c47}</UniqueIdentifier>
      <Extensions>h;hpp;hxx;hm;inl;fi;fd</Extensions>
    </Filter>
    <Filter Include="Resource Files">
      <UniqueIdentifier>{b9aa3a76-5358-4826-af8b-6a7d8f6cc5a2}</UniqueIdentifier>
      <Extensions>ico;cur;bmp;dlg;rc2;rct;bin;cnt;rtf;gif;jpg;jpeg;jpe</Extensions>
    </Filter>
  </ItemGroup>
  <ItemGroup>
    <ClCompile Include="COMPLEX.CPP">
      <Filter>Source Files</Filter>
    </ClCompile>
    <ClCompile Include="lapi.cpp">
      <Filter>Source Files</Filter>
    </ClCompile>
    <ClCompile Include="lauxlib.cpp">
      <Filter>Source Files</Filter>
    </ClCompile>
    <ClCompile Include="lbaselib.cpp">
      <Filter>Source Files</Filter>
    </ClCompile>
    <ClCompile Include="lcode.cpp">
      <Filter>Source Files</Filter>
    </ClCompile>
    <ClCompile Include="ldblib.cpp">
      <Filter>Source Files</Filter>
    </ClCompile>
    <ClCompile Include="ldebug.cpp">
      <Filter>Source Files</Filter>
    </ClCompile>
    <ClCompile Include="ldo.cpp">
      <Filter>Source Files</Filter>
    </ClCompile>
    <ClCompile Include="lfunc.cpp">
      <Filter>Source Files</Filter>
    </ClCompile>
    <ClCompile Include="lgc.cpp">
      <Filter>Source Files</Filter>
    </ClCompile>
    <ClCompile Include="liolib.cpp">
      <Filter>Source Files</Filter>
    </ClCompile>
    <ClCompile Include="llex.cpp">
      <Filter>Source Files</Filter>
    </ClCompile>
    <ClCompile Include="lmathlib.cpp">
      <Filter>Source Files</Filter>
    </ClCompile>
    <ClCompile Include="lmem.cpp">
      <Filter>Source Files</Filter>
    </ClCompile>
    <ClCompile Include="lobject.cpp">
      <Filter>Source Files</Filter>
    </ClCompile>
    <ClCompile Include="lparser.cpp">
      <Filter>Source Files</Filter>
    </ClCompile>
    <ClCompile Include="lstate.cpp">
      <Filter>Source Files</Filter>
    </ClCompile>
    <ClCompile Include="lstring.cpp">
      <Filter>Source Files</Filter>
    </ClCompile>
    <ClCompile Include="lstrlib.cpp">
      <Filter>Source Files</Filter>
    </ClCompile>
    <ClCompile Include="ltable.cpp">
      <Filter>Source Files</Filter>
    </ClCompile>
    <ClCompile Include="ltests.cpp">
      <Filter>Source Files</Filter>
    </ClCompile>
    <ClCompile Include="ltm.cpp">
      <Filter>Source Files</Filter>
    </ClCompile>
    <ClCompile Include="lundump.cpp">
      <Filter>Source Files</Filter>
    </ClCompile>
    <ClCompile Include="lvm.cpp">
      <Filter>Source Files</Filter>
    </ClCompile>
    <ClCompile Include="lzio.cpp">
      <Filter>Source Files</Filter>
    </ClCompile>
  </ItemGroup>
  <ItemGroup>
    <ClInclude Include="COMPLEX.H">
      <Filter>Header Files</Filter>
    </ClInclude>
    <ClInclude Include="lapi.h">
      <Filter>Header Files</Filter>
    </ClInclude>
    <ClInclude Include="lauxlib.h">
      <Filter>Header Files</Filter>
    </ClInclude>
    <ClInclude Include="lcode.h">
      <Filter>Header Files</Filter>
    </ClInclude>
    <ClInclude Include="ldebug.h">
      <Filter>Header Files</Filter>
    </ClInclude>
    <ClInclude Include="ldo.h">
      <Filter>Header Files</Filter>
    </ClInclude>
    <ClInclude Include="lfunc.h">
      <Filter>Header Files</Filter>
    </ClInclude>
    <ClInclude Include="lgc.h">
      <Filter>Header Files</Filter>
    </ClInclude>
    <ClInclude Include="llex.h">
      <Filter>Header Files</Filter>
    </ClInclude>
    <ClInclude Include="llimits.h">
      <Filter>Header Files</Filter>
    </ClInclude>
    <ClInclude Include="lmem.h">
      <Filter>Header Files</Filter>
    </ClInclude>
    <ClInclude Include="lobject.h">
      <Filter>Header Files</Filter>
    </ClInclude>
    <ClInclude Include="lopcodes.h">
      <Filter>Header Files</Filter>
    </ClInclude>
    <ClInclude Include="lparser.h">
      <Filter>Header Files</Filter>
    </ClInclude>
    <ClInclude Include="lstate.h">
      <Filter>Header Files</Filter>
    </ClInclude>
    <ClInclude Include="lstring.h">
      <Filter>Header Files</Filter>
    </ClInclude>
    <ClInclude Include="ltable.h">
      <Filter>Header Files</Filter>
    </ClInclude>
    <ClInclude Include="ltm.h">
      <Filter>Header Files</Filter>
    </ClInclude>
    <ClInclude Include="lua.h">
      <Filter>Header Files</Filter>
    </ClInclude>
    <ClInclude Include="luadebug.h">
      <Filter>Header Files</Filter>
    </ClInclude>
    <ClInclude Include="lualib.h">
      <Filter>Header Files</Filter>
    </ClInclude>
    <ClInclude Include="lundump.h">
      <Filter>Header Files</Filter>
    </ClInclude>
    <ClInclude Include="lvm.h">
      <Filter>Header Files</Filter>
    </ClInclude>
    <ClInclude Include="lzio.h">
      <Filter>Header Files</Filter>
    </ClInclude>
  </ItemGroup>
</Project>