<?xml version="1.0" encoding="utf-8"?>
<Project ToolsVersion="4.0" xmlns="http://schemas.microsoft.com/developer/msbuild/2003">
  <ItemGroup>
    <Filter Include="Source Files">
      <UniqueIdentifier>{195831f9-ff3a-48b9-aa00-3202750a656c}</UniqueIdentifier>
      <Extensions>cpp;c;cxx;rc;def;r;odl;idl;hpj;bat;for;f90</Extensions>
    </Filter>
    <Filter Include="Header Files">
      <UniqueIdentifier>{9b5ad4fc-01c9-4852-b944-ef26e4eb72db}</UniqueIdentifier>
      <Extensions>h;hpp;hxx;hm;inl;fi;fd</Extensions>
    </Filter>
    <Filter Include="Resource Files">
      <UniqueIdentifier>{c3e3bb60-b492-4649-a30c-ae1fe7d94e15}</UniqueIdentifier>
      <Extensions>ico;cur;bmp;dlg;rc2;rct;bin;cnt;rtf;gif;jpg;jpeg;jpe</Extensions>
    </Filter>
  </ItemGroup>
  <ItemGroup>
    <ClCompile Include="complex.cpp">
      <Filter>Source Files</Filter>
    </ClCompile>
    <ClCompile Include="cuthill.cpp">
      <Filter>Source Files</Filter>
    </ClCompile>
    <ClCompile Include="hsolv.cpp">
      <Filter>Source Files</Filter>
    </ClCompile>
    <ClCompile Include="hsolvDlg.cpp">
      <Filter>Source Files</Filter>
    </ClCompile>
    <ClCompile Include="hsolvdoc.cpp">
      <Filter>Source Files</Filter>
    </ClCompile>
    <ClCompile Include="main.cpp">
      <Filter>Source Files</Filter>
    </ClCompile>
    <ClCompile Include="prob1big.cpp">
      <Filter>Source Files</Filter>
    </ClCompile>
    <ClCompile Include="spars.cpp">
      <Filter>Source Files</Filter>
    </ClCompile>
    <ClCompile Include="StdAfx.cpp">
      <Filter>Source Files</Filter>
    </ClCompile>
  </ItemGroup>
  <ItemGroup>
    <ResourceCompile Include="hsolv.rc">
      <Filter>Source Files</Filter>
    </ResourceCompile>
  </ItemGroup>
  <ItemGroup>
    <ClInclude Include="complex.h">
      <Filter>Header Files</Filter>
    </ClInclude>
    <ClInclude Include="hsolv.h">
      <Filter>Header Files</Filter>
    </ClInclude>
    <ClInclude Include="hsolvDlg.h">
      <Filter>Header Files</Filter>
    </ClInclude>
    <ClInclude Include="hsolvdoc.h">
      <Filter>Header Files</Filter>
    </ClInclude>
    <ClInclude Include="mesh.h">
      <Filter>Header Files</Filter>
    </ClInclude>
    <ClInclude Include="resource.h">
      <Filter>Header Files</Filter>
    </ClInclude>
    <ClInclude Include="spars.h">
      <Filter>Header Files</Filter>
    </ClInclude>
    <ClInclude Include="StdAfx.h">
      <Filter>Header Files</Filter>
    </ClInclude>
  </ItemGroup>
  <ItemGroup>
    <Image Include="res\hsolv.ico">
      <Filter>Resource Files</Filter>
    </Image>
  </ItemGroup>
  <ItemGroup>
    <None Include="res\hsolv.rc2">
      <Filter>Resource Files</Filter>
    </None>
  </ItemGroup>
</Project>